// !$*UTF8*$!
{
	archiveVersion = 1;
	classes = {
	};
	objectVersion = 46;
	objects = {

/* Begin PBXBuildFile section */
		965F9B071879CEE500BE42D3 /* JYJHotelViewController.m in Sources */ = {isa = PBXBuildFile; fileRef = 965F9B061879CEE500BE42D3 /* JYJHotelViewController.m */; };
		965F9B0A1879CFBB00BE42D3 /* JYJPageManagerController.m in Sources */ = {isa = PBXBuildFile; fileRef = 965F9B091879CFBB00BE42D3 /* JYJPageManagerController.m */; };
		96A3E98B18764C66007EE432 /* UIColor+LightAndDark.m in Sources */ = {isa = PBXBuildFile; fileRef = 96A3E98A18764C66007EE432 /* UIColor+LightAndDark.m */; };
		96C61C8018748AD300E6CF99 /* Foundation.framework in Frameworks */ = {isa = PBXBuildFile; fileRef = 96C61C7F18748AD300E6CF99 /* Foundation.framework */; };
		96C61C8218748AD300E6CF99 /* CoreGraphics.framework in Frameworks */ = {isa = PBXBuildFile; fileRef = 96C61C8118748AD300E6CF99 /* CoreGraphics.framework */; };
		96C61C8418748AD300E6CF99 /* UIKit.framework in Frameworks */ = {isa = PBXBuildFile; fileRef = 96C61C8318748AD300E6CF99 /* UIKit.framework */; };
		96C61C8A18748AD300E6CF99 /* InfoPlist.strings in Resources */ = {isa = PBXBuildFile; fileRef = 96C61C8818748AD300E6CF99 /* InfoPlist.strings */; };
		96C61C8C18748AD300E6CF99 /* main.m in Sources */ = {isa = PBXBuildFile; fileRef = 96C61C8B18748AD300E6CF99 /* main.m */; };
		96C61C9018748AD300E6CF99 /* JYJAppDelegate.m in Sources */ = {isa = PBXBuildFile; fileRef = 96C61C8F18748AD300E6CF99 /* JYJAppDelegate.m */; };
		96C61C9818748AD300E6CF99 /* Images.xcassets in Resources */ = {isa = PBXBuildFile; fileRef = 96C61C9718748AD300E6CF99 /* Images.xcassets */; };
		96C61C9F18748AD300E6CF99 /* XCTest.framework in Frameworks */ = {isa = PBXBuildFile; fileRef = 96C61C9E18748AD300E6CF99 /* XCTest.framework */; };
		96C61CA018748AD300E6CF99 /* Foundation.framework in Frameworks */ = {isa = PBXBuildFile; fileRef = 96C61C7F18748AD300E6CF99 /* Foundation.framework */; };
		96C61CA118748AD300E6CF99 /* UIKit.framework in Frameworks */ = {isa = PBXBuildFile; fileRef = 96C61C8318748AD300E6CF99 /* UIKit.framework */; };
		96C61CB818748BC600E6CF99 /* Main.storyboard in Resources */ = {isa = PBXBuildFile; fileRef = 96C61CB718748BC600E6CF99 /* Main.storyboard */; };
		96C61CBB18748E4A00E6CF99 /* JYJPlayer.m in Sources */ = {isa = PBXBuildFile; fileRef = 96C61CBA18748E4A00E6CF99 /* JYJPlayer.m */; };
		96C61CC21874925500E6CF99 /* JYJGameManager.m in Sources */ = {isa = PBXBuildFile; fileRef = 96C61CC11874925500E6CF99 /* JYJGameManager.m */; };
		96C61CC5187495A900E6CF99 /* JYJHotel.m in Sources */ = {isa = PBXBuildFile; fileRef = 96C61CC4187495A900E6CF99 /* JYJHotel.m */; };
		96C61CCD1874988C00E6CF99 /* .gitignore in Resources */ = {isa = PBXBuildFile; fileRef = 96C61CC71874988C00E6CF99 /* .gitignore */; };
		96C61CCE1874988C00E6CF99 /* FlatUIColor.podspec in Resources */ = {isa = PBXBuildFile; fileRef = 96C61CC81874988C00E6CF99 /* FlatUIColor.podspec */; };
		96C61CCF1874988C00E6CF99 /* LICENSE in Resources */ = {isa = PBXBuildFile; fileRef = 96C61CC91874988C00E6CF99 /* LICENSE */; };
		96C61CD01874988C00E6CF99 /* README.md in Resources */ = {isa = PBXBuildFile; fileRef = 96C61CCA1874988C00E6CF99 /* README.md */; };
		96C61CD11874988C00E6CF99 /* UIColor+FlatUI.m in Sources */ = {isa = PBXBuildFile; fileRef = 96C61CCC1874988C00E6CF99 /* UIColor+FlatUI.m */; };
		96C61CD41874B8AF00E6CF99 /* JYJPlayerViewController.m in Sources */ = {isa = PBXBuildFile; fileRef = 96C61CD31874B8AF00E6CF99 /* JYJPlayerViewController.m */; };
		96C61CD71874BC8B00E6CF99 /* JYJStockCell.m in Sources */ = {isa = PBXBuildFile; fileRef = 96C61CD61874BC8B00E6CF99 /* JYJStockCell.m */; };
		96C61CDB1874BD3600E6CF99 /* UIButtonWithIndexPath.m in Sources */ = {isa = PBXBuildFile; fileRef = 96C61CDA1874BD3600E6CF99 /* UIButtonWithIndexPath.m */; };
/* End PBXBuildFile section */

/* Begin PBXContainerItemProxy section */
		96C61CA218748AD300E6CF99 /* PBXContainerItemProxy */ = {
			isa = PBXContainerItemProxy;
			containerPortal = 96C61C7418748AD300E6CF99 /* Project object */;
			proxyType = 1;
			remoteGlobalIDString = 96C61C7B18748AD300E6CF99;
			remoteInfo = "Acquire Companion";
		};
/* End PBXContainerItemProxy section */

/* Begin PBXFileReference section */
		965F9B051879CEE500BE42D3 /* JYJHotelViewController.h */ = {isa = PBXFileReference; fileEncoding = 4; lastKnownFileType = sourcecode.c.h; name = JYJHotelViewController.h; path = Controllers/JYJHotelViewController.h; sourceTree = "<group>"; };
		965F9B061879CEE500BE42D3 /* JYJHotelViewController.m */ = {isa = PBXFileReference; fileEncoding = 4; lastKnownFileType = sourcecode.c.objc; name = JYJHotelViewController.m; path = Controllers/JYJHotelViewController.m; sourceTree = "<group>"; };
		965F9B081879CFBB00BE42D3 /* JYJPageManagerController.h */ = {isa = PBXFileReference; fileEncoding = 4; lastKnownFileType = sourcecode.c.h; name = JYJPageManagerController.h; path = Controllers/JYJPageManagerController.h; sourceTree = "<group>"; };
		965F9B091879CFBB00BE42D3 /* JYJPageManagerController.m */ = {isa = PBXFileReference; fileEncoding = 4; lastKnownFileType = sourcecode.c.objc; name = JYJPageManagerController.m; path = Controllers/JYJPageManagerController.m; sourceTree = "<group>"; };
		965F9B0B1879D38100BE42D3 /* PageIndex.h */ = {isa = PBXFileReference; lastKnownFileType = sourcecode.c.h; name = PageIndex.h; path = Controllers/PageIndex.h; sourceTree = "<group>"; };
		96A3E98918764C66007EE432 /* UIColor+LightAndDark.h */ = {isa = PBXFileReference; fileEncoding = 4; lastKnownFileType = sourcecode.c.h; name = "UIColor+LightAndDark.h"; path = "UI Subclasses/UIColor+LightAndDark.h"; sourceTree = "<group>"; };
		96A3E98A18764C66007EE432 /* UIColor+LightAndDark.m */ = {isa = PBXFileReference; fileEncoding = 4; lastKnownFileType = sourcecode.c.objc; name = "UIColor+LightAndDark.m"; path = "UI Subclasses/UIColor+LightAndDark.m"; sourceTree = "<group>"; };
		96C61C7C18748AD300E6CF99 /* Acquire Companion.app */ = {isa = PBXFileReference; explicitFileType = wrapper.application; includeInIndex = 0; path = "Acquire Companion.app"; sourceTree = BUILT_PRODUCTS_DIR; };
		96C61C7F18748AD300E6CF99 /* Foundation.framework */ = {isa = PBXFileReference; lastKnownFileType = wrapper.framework; name = Foundation.framework; path = System/Library/Frameworks/Foundation.framework; sourceTree = SDKROOT; };
		96C61C8118748AD300E6CF99 /* CoreGraphics.framework */ = {isa = PBXFileReference; lastKnownFileType = wrapper.framework; name = CoreGraphics.framework; path = System/Library/Frameworks/CoreGraphics.framework; sourceTree = SDKROOT; };
		96C61C8318748AD300E6CF99 /* UIKit.framework */ = {isa = PBXFileReference; lastKnownFileType = wrapper.framework; name = UIKit.framework; path = System/Library/Frameworks/UIKit.framework; sourceTree = SDKROOT; };
		96C61C8718748AD300E6CF99 /* Acquire Companion-Info.plist */ = {isa = PBXFileReference; lastKnownFileType = text.plist.xml; path = "Acquire Companion-Info.plist"; sourceTree = "<group>"; };
		96C61C8918748AD300E6CF99 /* en */ = {isa = PBXFileReference; lastKnownFileType = text.plist.strings; name = en; path = en.lproj/InfoPlist.strings; sourceTree = "<group>"; };
		96C61C8B18748AD300E6CF99 /* main.m */ = {isa = PBXFileReference; lastKnownFileType = sourcecode.c.objc; path = main.m; sourceTree = "<group>"; };
		96C61C8D18748AD300E6CF99 /* Acquire Companion-Prefix.pch */ = {isa = PBXFileReference; lastKnownFileType = sourcecode.c.h; path = "Acquire Companion-Prefix.pch"; sourceTree = "<group>"; };
		96C61C8E18748AD300E6CF99 /* JYJAppDelegate.h */ = {isa = PBXFileReference; lastKnownFileType = sourcecode.c.h; path = JYJAppDelegate.h; sourceTree = "<group>"; };
		96C61C8F18748AD300E6CF99 /* JYJAppDelegate.m */ = {isa = PBXFileReference; lastKnownFileType = sourcecode.c.objc; path = JYJAppDelegate.m; sourceTree = "<group>"; };
		96C61C9718748AD300E6CF99 /* Images.xcassets */ = {isa = PBXFileReference; lastKnownFileType = folder.assetcatalog; path = Images.xcassets; sourceTree = "<group>"; };
		96C61C9D18748AD300E6CF99 /* Acquire CompanionTests.xctest */ = {isa = PBXFileReference; explicitFileType = wrapper.cfbundle; includeInIndex = 0; path = "Acquire CompanionTests.xctest"; sourceTree = BUILT_PRODUCTS_DIR; };
		96C61C9E18748AD300E6CF99 /* XCTest.framework */ = {isa = PBXFileReference; lastKnownFileType = wrapper.framework; name = XCTest.framework; path = Library/Frameworks/XCTest.framework; sourceTree = DEVELOPER_DIR; };
		96C61CB718748BC600E6CF99 /* Main.storyboard */ = {isa = PBXFileReference; fileEncoding = 4; lastKnownFileType = file.storyboard; name = Main.storyboard; path = ../Main.storyboard; sourceTree = "<group>"; };
		96C61CB918748E4A00E6CF99 /* JYJPlayer.h */ = {isa = PBXFileReference; fileEncoding = 4; lastKnownFileType = sourcecode.c.h; name = JYJPlayer.h; path = Model/JYJPlayer.h; sourceTree = "<group>"; };
		96C61CBA18748E4A00E6CF99 /* JYJPlayer.m */ = {isa = PBXFileReference; fileEncoding = 4; lastKnownFileType = sourcecode.c.objc; name = JYJPlayer.m; path = Model/JYJPlayer.m; sourceTree = "<group>"; };
		96C61CBD1874902600E6CF99 /* JYJAcquireConstants.h */ = {isa = PBXFileReference; fileEncoding = 4; lastKnownFileType = sourcecode.c.h; path = JYJAcquireConstants.h; sourceTree = "<group>"; };
		96C61CC01874925500E6CF99 /* JYJGameManager.h */ = {isa = PBXFileReference; fileEncoding = 4; lastKnownFileType = sourcecode.c.h; name = JYJGameManager.h; path = Model/JYJGameManager.h; sourceTree = "<group>"; };
		96C61CC11874925500E6CF99 /* JYJGameManager.m */ = {isa = PBXFileReference; fileEncoding = 4; lastKnownFileType = sourcecode.c.objc; name = JYJGameManager.m; path = Model/JYJGameManager.m; sourceTree = "<group>"; };
		96C61CC3187495A900E6CF99 /* JYJHotel.h */ = {isa = PBXFileReference; fileEncoding = 4; lastKnownFileType = sourcecode.c.h; name = JYJHotel.h; path = Model/JYJHotel.h; sourceTree = "<group>"; };
		96C61CC4187495A900E6CF99 /* JYJHotel.m */ = {isa = PBXFileReference; fileEncoding = 4; lastKnownFileType = sourcecode.c.objc; name = JYJHotel.m; path = Model/JYJHotel.m; sourceTree = "<group>"; };
		96C61CC71874988C00E6CF99 /* .gitignore */ = {isa = PBXFileReference; fileEncoding = 4; lastKnownFileType = text; path = .gitignore; sourceTree = "<group>"; };
		96C61CC81874988C00E6CF99 /* FlatUIColor.podspec */ = {isa = PBXFileReference; fileEncoding = 4; lastKnownFileType = text; path = FlatUIColor.podspec; sourceTree = "<group>"; };
		96C61CC91874988C00E6CF99 /* LICENSE */ = {isa = PBXFileReference; fileEncoding = 4; lastKnownFileType = text; path = LICENSE; sourceTree = "<group>"; };
		96C61CCA1874988C00E6CF99 /* README.md */ = {isa = PBXFileReference; fileEncoding = 4; lastKnownFileType = text; path = README.md; sourceTree = "<group>"; };
		96C61CCB1874988C00E6CF99 /* UIColor+FlatUI.h */ = {isa = PBXFileReference; fileEncoding = 4; lastKnownFileType = sourcecode.c.h; path = "UIColor+FlatUI.h"; sourceTree = "<group>"; };
		96C61CCC1874988C00E6CF99 /* UIColor+FlatUI.m */ = {isa = PBXFileReference; fileEncoding = 4; lastKnownFileType = sourcecode.c.objc; path = "UIColor+FlatUI.m"; sourceTree = "<group>"; };
		96C61CD21874B8AF00E6CF99 /* JYJPlayerViewController.h */ = {isa = PBXFileReference; fileEncoding = 4; lastKnownFileType = sourcecode.c.h; name = JYJPlayerViewController.h; path = Controllers/JYJPlayerViewController.h; sourceTree = "<group>"; };
		96C61CD31874B8AF00E6CF99 /* JYJPlayerViewController.m */ = {isa = PBXFileReference; fileEncoding = 4; lastKnownFileType = sourcecode.c.objc; name = JYJPlayerViewController.m; path = Controllers/JYJPlayerViewController.m; sourceTree = "<group>"; };
		96C61CD51874BC8B00E6CF99 /* JYJStockCell.h */ = {isa = PBXFileReference; fileEncoding = 4; lastKnownFileType = sourcecode.c.h; name = JYJStockCell.h; path = "UI Subclasses/JYJStockCell.h"; sourceTree = "<group>"; };
		96C61CD61874BC8B00E6CF99 /* JYJStockCell.m */ = {isa = PBXFileReference; fileEncoding = 4; lastKnownFileType = sourcecode.c.objc; name = JYJStockCell.m; path = "UI Subclasses/JYJStockCell.m"; sourceTree = "<group>"; };
		96C61CD91874BD3600E6CF99 /* UIButtonWithIndexPath.h */ = {isa = PBXFileReference; fileEncoding = 4; lastKnownFileType = sourcecode.c.h; name = UIButtonWithIndexPath.h; path = "UI Subclasses/UIButtonWithIndexPath.h"; sourceTree = "<group>"; };
		96C61CDA1874BD3600E6CF99 /* UIButtonWithIndexPath.m */ = {isa = PBXFileReference; fileEncoding = 4; lastKnownFileType = sourcecode.c.objc; name = UIButtonWithIndexPath.m; path = "UI Subclasses/UIButtonWithIndexPath.m"; sourceTree = "<group>"; };
/* End PBXFileReference section */

/* Begin PBXFrameworksBuildPhase section */
		96C61C7918748AD300E6CF99 /* Frameworks */ = {
			isa = PBXFrameworksBuildPhase;
			buildActionMask = 2147483647;
			files = (
				96C61C8218748AD300E6CF99 /* CoreGraphics.framework in Frameworks */,
				96C61C8418748AD300E6CF99 /* UIKit.framework in Frameworks */,
				96C61C8018748AD300E6CF99 /* Foundation.framework in Frameworks */,
			);
			runOnlyForDeploymentPostprocessing = 0;
		};
		96C61C9A18748AD300E6CF99 /* Frameworks */ = {
			isa = PBXFrameworksBuildPhase;
			buildActionMask = 2147483647;
			files = (
				96C61C9F18748AD300E6CF99 /* XCTest.framework in Frameworks */,
				96C61CA118748AD300E6CF99 /* UIKit.framework in Frameworks */,
				96C61CA018748AD300E6CF99 /* Foundation.framework in Frameworks */,
			);
			runOnlyForDeploymentPostprocessing = 0;
		};
/* End PBXFrameworksBuildPhase section */

/* Begin PBXGroup section */
		965F9B041879CDA800BE42D3 /* Controllers */ = {
			isa = PBXGroup;
			children = (
				965F9B081879CFBB00BE42D3 /* JYJPageManagerController.h */,
				965F9B091879CFBB00BE42D3 /* JYJPageManagerController.m */,
				965F9B051879CEE500BE42D3 /* JYJHotelViewController.h */,
				965F9B061879CEE500BE42D3 /* JYJHotelViewController.m */,
				96C61CD21874B8AF00E6CF99 /* JYJPlayerViewController.h */,
				96C61CD31874B8AF00E6CF99 /* JYJPlayerViewController.m */,
				965F9B0B1879D38100BE42D3 /* PageIndex.h */,
			);
			name = Controllers;
			sourceTree = "<group>";
		};
		96C61C7318748AD300E6CF99 = {
			isa = PBXGroup;
			children = (
				96C61CC61874988C00E6CF99 /* CocoaFlatUIColor */,
				96C61C8518748AD300E6CF99 /* Acquire Companion */,
				96C61C7E18748AD300E6CF99 /* Frameworks */,
				96C61C7D18748AD300E6CF99 /* Products */,
			);
			sourceTree = "<group>";
		};
		96C61C7D18748AD300E6CF99 /* Products */ = {
			isa = PBXGroup;
			children = (
				96C61C7C18748AD300E6CF99 /* Acquire Companion.app */,
				96C61C9D18748AD300E6CF99 /* Acquire CompanionTests.xctest */,
			);
			name = Products;
			sourceTree = "<group>";
		};
		96C61C7E18748AD300E6CF99 /* Frameworks */ = {
			isa = PBXGroup;
			children = (
				96C61C7F18748AD300E6CF99 /* Foundation.framework */,
				96C61C8118748AD300E6CF99 /* CoreGraphics.framework */,
				96C61C8318748AD300E6CF99 /* UIKit.framework */,
				96C61C9E18748AD300E6CF99 /* XCTest.framework */,
			);
			name = Frameworks;
			sourceTree = "<group>";
		};
		96C61C8518748AD300E6CF99 /* Acquire Companion */ = {
			isa = PBXGroup;
			children = (
				96C61CB718748BC600E6CF99 /* Main.storyboard */,
				96C61CBC18748E5000E6CF99 /* Model */,
				965F9B041879CDA800BE42D3 /* Controllers */,
				96C61CD81874BC9200E6CF99 /* UI Subclasses */,
				96C61C8618748AD300E6CF99 /* Supporting Files */,
			);
			path = "Acquire Companion";
			sourceTree = "<group>";
		};
		96C61C8618748AD300E6CF99 /* Supporting Files */ = {
			isa = PBXGroup;
			children = (
				96C61C9718748AD300E6CF99 /* Images.xcassets */,
				96C61C8E18748AD300E6CF99 /* JYJAppDelegate.h */,
				96C61C8F18748AD300E6CF99 /* JYJAppDelegate.m */,
				96C61CBD1874902600E6CF99 /* JYJAcquireConstants.h */,
				96C61C8718748AD300E6CF99 /* Acquire Companion-Info.plist */,
				96C61C8818748AD300E6CF99 /* InfoPlist.strings */,
				96C61C8B18748AD300E6CF99 /* main.m */,
				96C61C8D18748AD300E6CF99 /* Acquire Companion-Prefix.pch */,
			);
			name = "Supporting Files";
			sourceTree = "<group>";
		};
		96C61CBC18748E5000E6CF99 /* Model */ = {
			isa = PBXGroup;
			children = (
				96C61CC01874925500E6CF99 /* JYJGameManager.h */,
				96C61CC11874925500E6CF99 /* JYJGameManager.m */,
				96C61CB918748E4A00E6CF99 /* JYJPlayer.h */,
				96C61CBA18748E4A00E6CF99 /* JYJPlayer.m */,
				96C61CC3187495A900E6CF99 /* JYJHotel.h */,
				96C61CC4187495A900E6CF99 /* JYJHotel.m */,
			);
			name = Model;
			sourceTree = "<group>";
		};
		96C61CC61874988C00E6CF99 /* CocoaFlatUIColor */ = {
			isa = PBXGroup;
			children = (
				96C61CC71874988C00E6CF99 /* .gitignore */,
				96C61CC81874988C00E6CF99 /* FlatUIColor.podspec */,
				96C61CC91874988C00E6CF99 /* LICENSE */,
				96C61CCA1874988C00E6CF99 /* README.md */,
				96C61CCB1874988C00E6CF99 /* UIColor+FlatUI.h */,
				96C61CCC1874988C00E6CF99 /* UIColor+FlatUI.m */,
			);
			path = CocoaFlatUIColor;
			sourceTree = "<group>";
		};
		96C61CD81874BC9200E6CF99 /* UI Subclasses */ = {
			isa = PBXGroup;
			children = (
				96C61CD91874BD3600E6CF99 /* UIButtonWithIndexPath.h */,
				96C61CDA1874BD3600E6CF99 /* UIButtonWithIndexPath.m */,
				96C61CD51874BC8B00E6CF99 /* JYJStockCell.h */,
				96C61CD61874BC8B00E6CF99 /* JYJStockCell.m */,
				96A3E98918764C66007EE432 /* UIColor+LightAndDark.h */,
				96A3E98A18764C66007EE432 /* UIColor+LightAndDark.m */,
			);
			name = "UI Subclasses";
			sourceTree = "<group>";
		};
/* End PBXGroup section */

/* Begin PBXNativeTarget section */
		96C61C7B18748AD300E6CF99 /* Acquire Companion */ = {
			isa = PBXNativeTarget;
			buildConfigurationList = 96C61CAE18748AD300E6CF99 /* Build configuration list for PBXNativeTarget "Acquire Companion" */;
			buildPhases = (
				96C61C7818748AD300E6CF99 /* Sources */,
				96C61C7918748AD300E6CF99 /* Frameworks */,
				96C61C7A18748AD300E6CF99 /* Resources */,
			);
			buildRules = (
			);
			dependencies = (
			);
			name = "Acquire Companion";
			productName = "Acquire Companion";
			productReference = 96C61C7C18748AD300E6CF99 /* Acquire Companion.app */;
			productType = "com.apple.product-type.application";
		};
		96C61C9C18748AD300E6CF99 /* Acquire CompanionTests */ = {
			isa = PBXNativeTarget;
			buildConfigurationList = 96C61CB118748AD300E6CF99 /* Build configuration list for PBXNativeTarget "Acquire CompanionTests" */;
			buildPhases = (
				96C61C9918748AD300E6CF99 /* Sources */,
				96C61C9A18748AD300E6CF99 /* Frameworks */,
				96C61C9B18748AD300E6CF99 /* Resources */,
			);
			buildRules = (
			);
			dependencies = (
				96C61CA318748AD300E6CF99 /* PBXTargetDependency */,
			);
			name = "Acquire CompanionTests";
			productName = "Acquire CompanionTests";
			productReference = 96C61C9D18748AD300E6CF99 /* Acquire CompanionTests.xctest */;
			productType = "com.apple.product-type.bundle.unit-test";
		};
/* End PBXNativeTarget section */

/* Begin PBXProject section */
		96C61C7418748AD300E6CF99 /* Project object */ = {
			isa = PBXProject;
			attributes = {
				CLASSPREFIX = JYJ;
				LastUpgradeCheck = 0500;
				ORGANIZATIONNAME = "Jason Ji";
				TargetAttributes = {
					96C61C7B18748AD300E6CF99 = {
						DevelopmentTeam = 2GPQ8GE99T;
					};
					96C61C9C18748AD300E6CF99 = {
						TestTargetID = 96C61C7B18748AD300E6CF99;
					};
				};
			};
			buildConfigurationList = 96C61C7718748AD300E6CF99 /* Build configuration list for PBXProject "Acquire Companion" */;
			compatibilityVersion = "Xcode 3.2";
			developmentRegion = English;
			hasScannedForEncodings = 0;
			knownRegions = (
				en,
				Base,
			);
			mainGroup = 96C61C7318748AD300E6CF99;
			productRefGroup = 96C61C7D18748AD300E6CF99 /* Products */;
			projectDirPath = "";
			projectRoot = "";
			targets = (
				96C61C7B18748AD300E6CF99 /* Acquire Companion */,
				96C61C9C18748AD300E6CF99 /* Acquire CompanionTests */,
			);
		};
/* End PBXProject section */

/* Begin PBXResourcesBuildPhase section */
		96C61C7A18748AD300E6CF99 /* Resources */ = {
			isa = PBXResourcesBuildPhase;
			buildActionMask = 2147483647;
			files = (
				96C61CCF1874988C00E6CF99 /* LICENSE in Resources */,
				96C61CCE1874988C00E6CF99 /* FlatUIColor.podspec in Resources */,
				96C61CCD1874988C00E6CF99 /* .gitignore in Resources */,
				96C61CD01874988C00E6CF99 /* README.md in Resources */,
				96C61CB818748BC600E6CF99 /* Main.storyboard in Resources */,
				96C61C9818748AD300E6CF99 /* Images.xcassets in Resources */,
				96C61C8A18748AD300E6CF99 /* InfoPlist.strings in Resources */,
			);
			runOnlyForDeploymentPostprocessing = 0;
		};
		96C61C9B18748AD300E6CF99 /* Resources */ = {
			isa = PBXResourcesBuildPhase;
			buildActionMask = 2147483647;
			files = (
			);
			runOnlyForDeploymentPostprocessing = 0;
		};
/* End PBXResourcesBuildPhase section */

/* Begin PBXSourcesBuildPhase section */
		96C61C7818748AD300E6CF99 /* Sources */ = {
			isa = PBXSourcesBuildPhase;
			buildActionMask = 2147483647;
			files = (
				96C61CC21874925500E6CF99 /* JYJGameManager.m in Sources */,
				96C61CBB18748E4A00E6CF99 /* JYJPlayer.m in Sources */,
				96C61CD71874BC8B00E6CF99 /* JYJStockCell.m in Sources */,
				96C61C9018748AD300E6CF99 /* JYJAppDelegate.m in Sources */,
				96C61CD41874B8AF00E6CF99 /* JYJPlayerViewController.m in Sources */,
				96C61CD11874988C00E6CF99 /* UIColor+FlatUI.m in Sources */,
				965F9B0A1879CFBB00BE42D3 /* JYJPageManagerController.m in Sources */,
				96C61CDB1874BD3600E6CF99 /* UIButtonWithIndexPath.m in Sources */,
				96C61C8C18748AD300E6CF99 /* main.m in Sources */,
				965F9B071879CEE500BE42D3 /* JYJHotelViewController.m in Sources */,
				96A3E98B18764C66007EE432 /* UIColor+LightAndDark.m in Sources */,
				96C61CC5187495A900E6CF99 /* JYJHotel.m in Sources */,
			);
			runOnlyForDeploymentPostprocessing = 0;
		};
		96C61C9918748AD300E6CF99 /* Sources */ = {
			isa = PBXSourcesBuildPhase;
			buildActionMask = 2147483647;
			files = (
			);
			runOnlyForDeploymentPostprocessing = 0;
		};
/* End PBXSourcesBuildPhase section */

/* Begin PBXTargetDependency section */
		96C61CA318748AD300E6CF99 /* PBXTargetDependency */ = {
			isa = PBXTargetDependency;
			target = 96C61C7B18748AD300E6CF99 /* Acquire Companion */;
			targetProxy = 96C61CA218748AD300E6CF99 /* PBXContainerItemProxy */;
		};
/* End PBXTargetDependency section */

/* Begin PBXVariantGroup section */
		96C61C8818748AD300E6CF99 /* InfoPlist.strings */ = {
			isa = PBXVariantGroup;
			children = (
				96C61C8918748AD300E6CF99 /* en */,
			);
			name = InfoPlist.strings;
			sourceTree = "<group>";
		};
/* End PBXVariantGroup section */

/* Begin XCBuildConfiguration section */
		96C61CAC18748AD300E6CF99 /* Debug */ = {
			isa = XCBuildConfiguration;
			buildSettings = {
				ALWAYS_SEARCH_USER_PATHS = NO;
				ARCHS = "$(ARCHS_STANDARD_INCLUDING_64_BIT)";
				CLANG_CXX_LANGUAGE_STANDARD = "gnu++0x";
				CLANG_CXX_LIBRARY = "libc++";
				CLANG_ENABLE_MODULES = YES;
				CLANG_ENABLE_OBJC_ARC = YES;
				CLANG_WARN_BOOL_CONVERSION = YES;
				CLANG_WARN_CONSTANT_CONVERSION = YES;
				CLANG_WARN_DIRECT_OBJC_ISA_USAGE = YES_ERROR;
				CLANG_WARN_EMPTY_BODY = YES;
				CLANG_WARN_ENUM_CONVERSION = YES;
				CLANG_WARN_INT_CONVERSION = YES;
				CLANG_WARN_OBJC_ROOT_CLASS = YES_ERROR;
				CLANG_WARN__DUPLICATE_METHOD_MATCH = YES;
				"CODE_SIGN_IDENTITY[sdk=iphoneos*]" = "iPhone Developer";
				COPY_PHASE_STRIP = NO;
				GCC_C_LANGUAGE_STANDARD = gnu99;
				GCC_DYNAMIC_NO_PIC = NO;
				GCC_OPTIMIZATION_LEVEL = 0;
				GCC_PREPROCESSOR_DEFINITIONS = (
					"DEBUG=1",
					"$(inherited)",
				);
				GCC_SYMBOLS_PRIVATE_EXTERN = NO;
				GCC_WARN_64_TO_32_BIT_CONVERSION = YES;
				GCC_WARN_ABOUT_RETURN_TYPE = YES_ERROR;
				GCC_WARN_UNDECLARED_SELECTOR = YES;
				GCC_WARN_UNINITIALIZED_AUTOS = YES;
				GCC_WARN_UNUSED_FUNCTION = YES;
				GCC_WARN_UNUSED_VARIABLE = YES;
				IPHONEOS_DEPLOYMENT_TARGET = 7.0;
				ONLY_ACTIVE_ARCH = YES;
				SDKROOT = iphoneos;
			};
			name = Debug;
		};
		96C61CAD18748AD300E6CF99 /* Release */ = {
			isa = XCBuildConfiguration;
			buildSettings = {
				ALWAYS_SEARCH_USER_PATHS = NO;
				ARCHS = "$(ARCHS_STANDARD_INCLUDING_64_BIT)";
				CLANG_CXX_LANGUAGE_STANDARD = "gnu++0x";
				CLANG_CXX_LIBRARY = "libc++";
				CLANG_ENABLE_MODULES = YES;
				CLANG_ENABLE_OBJC_ARC = YES;
				CLANG_WARN_BOOL_CONVERSION = YES;
				CLANG_WARN_CONSTANT_CONVERSION = YES;
				CLANG_WARN_DIRECT_OBJC_ISA_USAGE = YES_ERROR;
				CLANG_WARN_EMPTY_BODY = YES;
				CLANG_WARN_ENUM_CONVERSION = YES;
				CLANG_WARN_INT_CONVERSION = YES;
				CLANG_WARN_OBJC_ROOT_CLASS = YES_ERROR;
				CLANG_WARN__DUPLICATE_METHOD_MATCH = YES;
				"CODE_SIGN_IDENTITY[sdk=iphoneos*]" = "iPhone Developer";
				COPY_PHASE_STRIP = YES;
				ENABLE_NS_ASSERTIONS = NO;
				GCC_C_LANGUAGE_STANDARD = gnu99;
				GCC_WARN_64_TO_32_BIT_CONVERSION = YES;
				GCC_WARN_ABOUT_RETURN_TYPE = YES_ERROR;
				GCC_WARN_UNDECLARED_SELECTOR = YES;
				GCC_WARN_UNINITIALIZED_AUTOS = YES;
				GCC_WARN_UNUSED_FUNCTION = YES;
				GCC_WARN_UNUSED_VARIABLE = YES;
				IPHONEOS_DEPLOYMENT_TARGET = 7.0;
				SDKROOT = iphoneos;
				VALIDATE_PRODUCT = YES;
			};
			name = Release;
		};
		96C61CAF18748AD300E6CF99 /* Debug */ = {
			isa = XCBuildConfiguration;
			buildSettings = {
				ASSETCATALOG_COMPILER_APPICON_NAME = AppIcon;
				ASSETCATALOG_COMPILER_LAUNCHIMAGE_NAME = LaunchImage;
				CODE_SIGN_IDENTITY = "iPhone Developer";
				GCC_PRECOMPILE_PREFIX_HEADER = YES;
				GCC_PREFIX_HEADER = "Acquire Companion/Acquire Companion-Prefix.pch";
				INFOPLIST_FILE = "Acquire Companion/Acquire Companion-Info.plist";
				IPHONEOS_DEPLOYMENT_TARGET = 7.0;
				PRODUCT_NAME = "$(TARGET_NAME)";
				TARGETED_DEVICE_FAMILY = 2;
				WRAPPER_EXTENSION = app;
			};
			name = Debug;
		};
		96C61CB018748AD300E6CF99 /* Release */ = {
			isa = XCBuildConfiguration;
			buildSettings = {
				ASSETCATALOG_COMPILER_APPICON_NAME = AppIcon;
				ASSETCATALOG_COMPILER_LAUNCHIMAGE_NAME = LaunchImage;
				CODE_SIGN_IDENTITY = "iPhone Developer";
				GCC_PRECOMPILE_PREFIX_HEADER = YES;
				GCC_PREFIX_HEADER = "Acquire Companion/Acquire Companion-Prefix.pch";
				INFOPLIST_FILE = "Acquire Companion/Acquire Companion-Info.plist";
				IPHONEOS_DEPLOYMENT_TARGET = 7.0;
				PRODUCT_NAME = "$(TARGET_NAME)";
				TARGETED_DEVICE_FAMILY = 2;
				WRAPPER_EXTENSION = app;
			};
			name = Release;
		};
		96C61CB218748AD300E6CF99 /* Debug */ = {
			isa = XCBuildConfiguration;
			buildSettings = {
				ARCHS = "$(ARCHS_STANDARD_INCLUDING_64_BIT)";
				BUNDLE_LOADER = "$(BUILT_PRODUCTS_DIR)/Acquire Companion.app/Acquire Companion";
				FRAMEWORK_SEARCH_PATHS = (
					"$(SDKROOT)/Developer/Library/Frameworks",
					"$(inherited)",
					"$(DEVELOPER_FRAMEWORKS_DIR)",
				);
				GCC_PRECOMPILE_PREFIX_HEADER = YES;
				GCC_PREFIX_HEADER = "Acquire Companion/Acquire Companion-Prefix.pch";
				GCC_PREPROCESSOR_DEFINITIONS = (
					"DEBUG=1",
					"$(inherited)",
				);
				INFOPLIST_FILE = "Acquire CompanionTests/Acquire CompanionTests-Info.plist";
				PRODUCT_NAME = "$(TARGET_NAME)";
				TEST_HOST = "$(BUNDLE_LOADER)";
				WRAPPER_EXTENSION = xctest;
			};
			name = Debug;
		};
		96C61CB318748AD300E6CF99 /* Release */ = {
			isa = XCBuildConfiguration;
			buildSettings = {
				ARCHS = "$(ARCHS_STANDARD_INCLUDING_64_BIT)";
				BUNDLE_LOADER = "$(BUILT_PRODUCTS_DIR)/Acquire Companion.app/Acquire Companion";
				FRAMEWORK_SEARCH_PATHS = (
					"$(SDKROOT)/Developer/Library/Frameworks",
					"$(inherited)",
					"$(DEVELOPER_FRAMEWORKS_DIR)",
				);
				GCC_PRECOMPILE_PREFIX_HEADER = YES;
				GCC_PREFIX_HEADER = "Acquire Companion/Acquire Companion-Prefix.pch";
				INFOPLIST_FILE = "Acquire CompanionTests/Acquire CompanionTests-Info.plist";
				PRODUCT_NAME = "$(TARGET_NAME)";
				TEST_HOST = "$(BUNDLE_LOADER)";
				WRAPPER_EXTENSION = xctest;
			};
			name = Release;
		};
/* End XCBuildConfiguration section */

/* Begin XCConfigurationList section */
		96C61C7718748AD300E6CF99 /* Build configuration list for PBXProject "Acquire Companion" */ = {
			isa = XCConfigurationList;
			buildConfigurations = (
				96C61CAC18748AD300E6CF99 /* Debug */,
				96C61CAD18748AD300E6CF99 /* Release */,
			);
			defaultConfigurationIsVisible = 0;
			defaultConfigurationName = Release;
		};
		96C61CAE18748AD300E6CF99 /* Build configuration list for PBXNativeTarget "Acquire Companion" */ = {
			isa = XCConfigurationList;
			buildConfigurations = (
				96C61CAF18748AD300E6CF99 /* Debug */,
				96C61CB018748AD300E6CF99 /* Release */,
			);
			defaultConfigurationIsVisible = 0;
			defaultConfigurationName = Release;
		};
		96C61CB118748AD300E6CF99 /* Build configuration list for PBXNativeTarget "Acquire CompanionTests" */ = {
			isa = XCConfigurationList;
			buildConfigurations = (
				96C61CB218748AD300E6CF99 /* Debug */,
				96C61CB318748AD300E6CF99 /* Release */,
			);
			defaultConfigurationIsVisible = 0;
			defaultConfigurationName = Release;
		};
/* End XCConfigurationList section */
	};
	rootObject = 96C61C7418748AD300E6CF99 /* Project object */;
}
